// !$*UTF8*$!
{
	archiveVersion = 1;
	classes = {
	};
	objectVersion = 55;
	objects = {

/* Begin PBXBuildFile section */
		2213A8172852EE4600176084 /* qTwoViewController.swift in Sources */ = {isa = PBXBuildFile; fileRef = 2213A8162852EE4600176084 /* qTwoViewController.swift */; };
		2213A8192852F4C500176084 /* qThreeViewController.swift in Sources */ = {isa = PBXBuildFile; fileRef = 2213A8182852F4C500176084 /* qThreeViewController.swift */; };
		2213A81B2852F7A000176084 /* qFourViewController.swift in Sources */ = {isa = PBXBuildFile; fileRef = 2213A81A2852F7A000176084 /* qFourViewController.swift */; };
		22DFAC362852C6B100CC0BF8 /* AppDelegate.swift in Sources */ = {isa = PBXBuildFile; fileRef = 22DFAC352852C6B100CC0BF8 /* AppDelegate.swift */; };
		22DFAC382852C6B100CC0BF8 /* SceneDelegate.swift in Sources */ = {isa = PBXBuildFile; fileRef = 22DFAC372852C6B100CC0BF8 /* SceneDelegate.swift */; };
		22DFAC3A2852C6B100CC0BF8 /* ViewController.swift in Sources */ = {isa = PBXBuildFile; fileRef = 22DFAC392852C6B100CC0BF8 /* ViewController.swift */; };
		22DFAC3D2852C6B100CC0BF8 /* Main.storyboard in Resources */ = {isa = PBXBuildFile; fileRef = 22DFAC3B2852C6B100CC0BF8 /* Main.storyboard */; };
		22DFAC3F2852C6B500CC0BF8 /* Assets.xcassets in Resources */ = {isa = PBXBuildFile; fileRef = 22DFAC3E2852C6B500CC0BF8 /* Assets.xcassets */; };
		22DFAC422852C6B500CC0BF8 /* LaunchScreen.storyboard in Resources */ = {isa = PBXBuildFile; fileRef = 22DFAC402852C6B500CC0BF8 /* LaunchScreen.storyboard */; };
		22DFAC4D2852C6B600CC0BF8 /* phineasFerbTestTests.swift in Sources */ = {isa = PBXBuildFile; fileRef = 22DFAC4C2852C6B600CC0BF8 /* phineasFerbTestTests.swift */; };
		22DFAC572852C6B600CC0BF8 /* phineasFerbTestUITests.swift in Sources */ = {isa = PBXBuildFile; fileRef = 22DFAC562852C6B600CC0BF8 /* phineasFerbTestUITests.swift */; };
		22DFAC592852C6B600CC0BF8 /* phineasFerbTestUITestsLaunchTests.swift in Sources */ = {isa = PBXBuildFile; fileRef = 22DFAC582852C6B600CC0BF8 /* phineasFerbTestUITestsLaunchTests.swift */; };
		22DFAC662852CCC700CC0BF8 /* qOneViewController.swift in Sources */ = {isa = PBXBuildFile; fileRef = 22DFAC652852CCC700CC0BF8 /* qOneViewController.swift */; };
/* End PBXBuildFile section */

/* Begin PBXContainerItemProxy section */
		22DFAC492852C6B600CC0BF8 /* PBXContainerItemProxy */ = {
			isa = PBXContainerItemProxy;
			containerPortal = 22DFAC2A2852C6B100CC0BF8 /* Project object */;
			proxyType = 1;
			remoteGlobalIDString = 22DFAC312852C6B100CC0BF8;
			remoteInfo = phineasFerbTest;
		};
		22DFAC532852C6B600CC0BF8 /* PBXContainerItemProxy */ = {
			isa = PBXContainerItemProxy;
			containerPortal = 22DFAC2A2852C6B100CC0BF8 /* Project object */;
			proxyType = 1;
			remoteGlobalIDString = 22DFAC312852C6B100CC0BF8;
			remoteInfo = phineasFerbTest;
		};
/* End PBXContainerItemProxy section */

/* Begin PBXFileReference section */
		2213A8162852EE4600176084 /* qTwoViewController.swift */ = {isa = PBXFileReference; lastKnownFileType = sourcecode.swift; path = qTwoViewController.swift; sourceTree = "<group>"; };
		2213A8182852F4C500176084 /* qThreeViewController.swift */ = {isa = PBXFileReference; lastKnownFileType = sourcecode.swift; path = qThreeViewController.swift; sourceTree = "<group>"; };
		2213A81A2852F7A000176084 /* qFourViewController.swift */ = {isa = PBXFileReference; lastKnownFileType = sourcecode.swift; path = qFourViewController.swift; sourceTree = "<group>"; };
		22DFAC322852C6B100CC0BF8 /* phineasFerbTest.app */ = {isa = PBXFileReference; explicitFileType = wrapper.application; includeInIndex = 0; path = phineasFerbTest.app; sourceTree = BUILT_PRODUCTS_DIR; };
		22DFAC352852C6B100CC0BF8 /* AppDelegate.swift */ = {isa = PBXFileReference; lastKnownFileType = sourcecode.swift; path = AppDelegate.swift; sourceTree = "<group>"; };
		22DFAC372852C6B100CC0BF8 /* SceneDelegate.swift */ = {isa = PBXFileReference; lastKnownFileType = sourcecode.swift; path = SceneDelegate.swift; sourceTree = "<group>"; };
		22DFAC392852C6B100CC0BF8 /* ViewController.swift */ = {isa = PBXFileReference; lastKnownFileType = sourcecode.swift; path = ViewController.swift; sourceTree = "<group>"; };
		22DFAC3C2852C6B100CC0BF8 /* Base */ = {isa = PBXFileReference; lastKnownFileType = file.storyboard; name = Base; path = Base.lproj/Main.storyboard; sourceTree = "<group>"; };
		22DFAC3E2852C6B500CC0BF8 /* Assets.xcassets */ = {isa = PBXFileReference; lastKnownFileType = folder.assetcatalog; path = Assets.xcassets; sourceTree = "<group>"; };
		22DFAC412852C6B500CC0BF8 /* Base */ = {isa = PBXFileReference; lastKnownFileType = file.storyboard; name = Base; path = Base.lproj/LaunchScreen.storyboard; sourceTree = "<group>"; };
		22DFAC432852C6B500CC0BF8 /* Info.plist */ = {isa = PBXFileReference; lastKnownFileType = text.plist.xml; path = Info.plist; sourceTree = "<group>"; };
		22DFAC482852C6B600CC0BF8 /* phineasFerbTestTests.xctest */ = {isa = PBXFileReference; explicitFileType = wrapper.cfbundle; includeInIndex = 0; path = phineasFerbTestTests.xctest; sourceTree = BUILT_PRODUCTS_DIR; };
		22DFAC4C2852C6B600CC0BF8 /* phineasFerbTestTests.swift */ = {isa = PBXFileReference; lastKnownFileType = sourcecode.swift; path = phineasFerbTestTests.swift; sourceTree = "<group>"; };
		22DFAC522852C6B600CC0BF8 /* phineasFerbTestUITests.xctest */ = {isa = PBXFileReference; explicitFileType = wrapper.cfbundle; includeInIndex = 0; path = phineasFerbTestUITests.xctest; sourceTree = BUILT_PRODUCTS_DIR; };
		22DFAC562852C6B600CC0BF8 /* phineasFerbTestUITests.swift */ = {isa = PBXFileReference; lastKnownFileType = sourcecode.swift; path = phineasFerbTestUITests.swift; sourceTree = "<group>"; };
		22DFAC582852C6B600CC0BF8 /* phineasFerbTestUITestsLaunchTests.swift */ = {isa = PBXFileReference; lastKnownFileType = sourcecode.swift; path = phineasFerbTestUITestsLaunchTests.swift; sourceTree = "<group>"; };
		22DFAC652852CCC700CC0BF8 /* qOneViewController.swift */ = {isa = PBXFileReference; lastKnownFileType = sourcecode.swift; path = qOneViewController.swift; sourceTree = "<group>"; };
/* End PBXFileReference section */

/* Begin PBXFrameworksBuildPhase section */
		22DFAC2F2852C6B100CC0BF8 /* Frameworks */ = {
			isa = PBXFrameworksBuildPhase;
			buildActionMask = 2147483647;
			files = (
			);
			runOnlyForDeploymentPostprocessing = 0;
		};
		22DFAC452852C6B600CC0BF8 /* Frameworks */ = {
			isa = PBXFrameworksBuildPhase;
			buildActionMask = 2147483647;
			files = (
			);
			runOnlyForDeploymentPostprocessing = 0;
		};
		22DFAC4F2852C6B600CC0BF8 /* Frameworks */ = {
			isa = PBXFrameworksBuildPhase;
			buildActionMask = 2147483647;
			files = (
			);
			runOnlyForDeploymentPostprocessing = 0;
		};
/* End PBXFrameworksBuildPhase section */

/* Begin PBXGroup section */
		22DFAC292852C6B100CC0BF8 = {
			isa = PBXGroup;
			children = (
				22DFAC342852C6B100CC0BF8 /* phineasFerbTest */,
				22DFAC4B2852C6B600CC0BF8 /* phineasFerbTestTests */,
				22DFAC552852C6B600CC0BF8 /* phineasFerbTestUITests */,
				22DFAC332852C6B100CC0BF8 /* Products */,
			);
			sourceTree = "<group>";
		};
		22DFAC332852C6B100CC0BF8 /* Products */ = {
			isa = PBXGroup;
			children = (
				22DFAC322852C6B100CC0BF8 /* phineasFerbTest.app */,
				22DFAC482852C6B600CC0BF8 /* phineasFerbTestTests.xctest */,
				22DFAC522852C6B600CC0BF8 /* phineasFerbTestUITests.xctest */,
			);
			name = Products;
			sourceTree = "<group>";
		};
		22DFAC342852C6B100CC0BF8 /* phineasFerbTest */ = {
			isa = PBXGroup;
			children = (
				22DFAC352852C6B100CC0BF8 /* AppDelegate.swift */,
				22DFAC372852C6B100CC0BF8 /* SceneDelegate.swift */,
				22DFAC392852C6B100CC0BF8 /* ViewController.swift */,
				22DFAC3B2852C6B100CC0BF8 /* Main.storyboard */,
				22DFAC3E2852C6B500CC0BF8 /* Assets.xcassets */,
				22DFAC402852C6B500CC0BF8 /* LaunchScreen.storyboard */,
				22DFAC432852C6B500CC0BF8 /* Info.plist */,
				22DFAC652852CCC700CC0BF8 /* qOneViewController.swift */,
				2213A8162852EE4600176084 /* qTwoViewController.swift */,
				2213A8182852F4C500176084 /* qThreeViewController.swift */,
				2213A81A2852F7A000176084 /* qFourViewController.swift */,
			);
			path = phineasFerbTest;
			sourceTree = "<group>";
		};
		22DFAC4B2852C6B600CC0BF8 /* phineasFerbTestTests */ = {
			isa = PBXGroup;
			children = (
				22DFAC4C2852C6B600CC0BF8 /* phineasFerbTestTests.swift */,
			);
			path = phineasFerbTestTests;
			sourceTree = "<group>";
		};
		22DFAC552852C6B600CC0BF8 /* phineasFerbTestUITests */ = {
			isa = PBXGroup;
			children = (
				22DFAC562852C6B600CC0BF8 /* phineasFerbTestUITests.swift */,
				22DFAC582852C6B600CC0BF8 /* phineasFerbTestUITestsLaunchTests.swift */,
			);
			path = phineasFerbTestUITests;
			sourceTree = "<group>";
		};
/* End PBXGroup section */

/* Begin PBXNativeTarget section */
		22DFAC312852C6B100CC0BF8 /* phineasFerbTest */ = {
			isa = PBXNativeTarget;
			buildConfigurationList = 22DFAC5C2852C6B600CC0BF8 /* Build configuration list for PBXNativeTarget "phineasFerbTest" */;
			buildPhases = (
				22DFAC2E2852C6B100CC0BF8 /* Sources */,
				22DFAC2F2852C6B100CC0BF8 /* Frameworks */,
				22DFAC302852C6B100CC0BF8 /* Resources */,
			);
			buildRules = (
			);
			dependencies = (
			);
			name = phineasFerbTest;
			productName = phineasFerbTest;
			productReference = 22DFAC322852C6B100CC0BF8 /* phineasFerbTest.app */;
			productType = "com.apple.product-type.application";
		};
		22DFAC472852C6B600CC0BF8 /* phineasFerbTestTests */ = {
			isa = PBXNativeTarget;
			buildConfigurationList = 22DFAC5F2852C6B600CC0BF8 /* Build configuration list for PBXNativeTarget "phineasFerbTestTests" */;
			buildPhases = (
				22DFAC442852C6B600CC0BF8 /* Sources */,
				22DFAC452852C6B600CC0BF8 /* Frameworks */,
				22DFAC462852C6B600CC0BF8 /* Resources */,
			);
			buildRules = (
			);
			dependencies = (
				22DFAC4A2852C6B600CC0BF8 /* PBXTargetDependency */,
			);
			name = phineasFerbTestTests;
			productName = phineasFerbTestTests;
			productReference = 22DFAC482852C6B600CC0BF8 /* phineasFerbTestTests.xctest */;
			productType = "com.apple.product-type.bundle.unit-test";
		};
		22DFAC512852C6B600CC0BF8 /* phineasFerbTestUITests */ = {
			isa = PBXNativeTarget;
			buildConfigurationList = 22DFAC622852C6B600CC0BF8 /* Build configuration list for PBXNativeTarget "phineasFerbTestUITests" */;
			buildPhases = (
				22DFAC4E2852C6B600CC0BF8 /* Sources */,
				22DFAC4F2852C6B600CC0BF8 /* Frameworks */,
				22DFAC502852C6B600CC0BF8 /* Resources */,
			);
			buildRules = (
			);
			dependencies = (
				22DFAC542852C6B600CC0BF8 /* PBXTargetDependency */,
			);
			name = phineasFerbTestUITests;
			productName = phineasFerbTestUITests;
			productReference = 22DFAC522852C6B600CC0BF8 /* phineasFerbTestUITests.xctest */;
			productType = "com.apple.product-type.bundle.ui-testing";
		};
/* End PBXNativeTarget section */

/* Begin PBXProject section */
		22DFAC2A2852C6B100CC0BF8 /* Project object */ = {
			isa = PBXProject;
			attributes = {
				BuildIndependentTargetsInParallel = 1;
				LastSwiftUpdateCheck = 1340;
				LastUpgradeCheck = 1340;
				TargetAttributes = {
					22DFAC312852C6B100CC0BF8 = {
						CreatedOnToolsVersion = 13.4.1;
					};
					22DFAC472852C6B600CC0BF8 = {
						CreatedOnToolsVersion = 13.4.1;
						TestTargetID = 22DFAC312852C6B100CC0BF8;
					};
					22DFAC512852C6B600CC0BF8 = {
						CreatedOnToolsVersion = 13.4.1;
						TestTargetID = 22DFAC312852C6B100CC0BF8;
					};
				};
			};
			buildConfigurationList = 22DFAC2D2852C6B100CC0BF8 /* Build configuration list for PBXProject "phineasFerbTest" */;
			compatibilityVersion = "Xcode 13.0";
			developmentRegion = en;
			hasScannedForEncodings = 0;
			knownRegions = (
				en,
				Base,
			);
			mainGroup = 22DFAC292852C6B100CC0BF8;
			productRefGroup = 22DFAC332852C6B100CC0BF8 /* Products */;
			projectDirPath = "";
			projectRoot = "";
			targets = (
				22DFAC312852C6B100CC0BF8 /* phineasFerbTest */,
				22DFAC472852C6B600CC0BF8 /* phineasFerbTestTests */,
				22DFAC512852C6B600CC0BF8 /* phineasFerbTestUITests */,
			);
		};
/* End PBXProject section */

/* Begin PBXResourcesBuildPhase section */
		22DFAC302852C6B100CC0BF8 /* Resources */ = {
			isa = PBXResourcesBuildPhase;
			buildActionMask = 2147483647;
			files = (
				22DFAC422852C6B500CC0BF8 /* LaunchScreen.storyboard in Resources */,
				22DFAC3F2852C6B500CC0BF8 /* Assets.xcassets in Resources */,
				22DFAC3D2852C6B100CC0BF8 /* Main.storyboard in Resources */,
			);
			runOnlyForDeploymentPostprocessing = 0;
		};
		22DFAC462852C6B600CC0BF8 /* Resources */ = {
			isa = PBXResourcesBuildPhase;
			buildActionMask = 2147483647;
			files = (
			);
			runOnlyForDeploymentPostprocessing = 0;
		};
		22DFAC502852C6B600CC0BF8 /* Resources */ = {
			isa = PBXResourcesBuildPhase;
			buildActionMask = 2147483647;
			files = (
			);
			runOnlyForDeploymentPostprocessing = 0;
		};
/* End PBXResourcesBuildPhase section */

/* Begin PBXSourcesBuildPhase section */
		22DFAC2E2852C6B100CC0BF8 /* Sources */ = {
			isa = PBXSourcesBuildPhase;
			buildActionMask = 2147483647;
			files = (
				22DFAC3A2852C6B100CC0BF8 /* ViewController.swift in Sources */,
				2213A8172852EE4600176084 /* qTwoViewController.swift in Sources */,
				22DFAC662852CCC700CC0BF8 /* qOneViewController.swift in Sources */,
				2213A8192852F4C500176084 /* qThreeViewController.swift in Sources */,
				22DFAC362852C6B100CC0BF8 /* AppDelegate.swift in Sources */,
				2213A81B2852F7A000176084 /* qFourViewController.swift in Sources */,
				22DFAC382852C6B100CC0BF8 /* SceneDelegate.swift in Sources */,
			);
			runOnlyForDeploymentPostprocessing = 0;
		};
		22DFAC442852C6B600CC0BF8 /* Sources */ = {
			isa = PBXSourcesBuildPhase;
			buildActionMask = 2147483647;
			files = (
				22DFAC4D2852C6B600CC0BF8 /* phineasFerbTestTests.swift in Sources */,
			);
			runOnlyForDeploymentPostprocessing = 0;
		};
		22DFAC4E2852C6B600CC0BF8 /* Sources */ = {
			isa = PBXSourcesBuildPhase;
			buildActionMask = 2147483647;
			files = (
				22DFAC592852C6B600CC0BF8 /* phineasFerbTestUITestsLaunchTests.swift in Sources */,
				22DFAC572852C6B600CC0BF8 /* phineasFerbTestUITests.swift in Sources */,
			);
			runOnlyForDeploymentPostprocessing = 0;
		};
/* End PBXSourcesBuildPhase section */

/* Begin PBXTargetDependency section */
		22DFAC4A2852C6B600CC0BF8 /* PBXTargetDependency */ = {
			isa = PBXTargetDependency;
			target = 22DFAC312852C6B100CC0BF8 /* phineasFerbTest */;
			targetProxy = 22DFAC492852C6B600CC0BF8 /* PBXContainerItemProxy */;
		};
		22DFAC542852C6B600CC0BF8 /* PBXTargetDependency */ = {
			isa = PBXTargetDependency;
			target = 22DFAC312852C6B100CC0BF8 /* phineasFerbTest */;
			targetProxy = 22DFAC532852C6B600CC0BF8 /* PBXContainerItemProxy */;
		};
/* End PBXTargetDependency section */

/* Begin PBXVariantGroup section */
		22DFAC3B2852C6B100CC0BF8 /* Main.storyboard */ = {
			isa = PBXVariantGroup;
			children = (
				22DFAC3C2852C6B100CC0BF8 /* Base */,
			);
			name = Main.storyboard;
			sourceTree = "<group>";
		};
		22DFAC402852C6B500CC0BF8 /* LaunchScreen.storyboard */ = {
			isa = PBXVariantGroup;
			children = (
				22DFAC412852C6B500CC0BF8 /* Base */,
			);
			name = LaunchScreen.storyboard;
			sourceTree = "<group>";
		};
/* End PBXVariantGroup section */

/* Begin XCBuildConfiguration section */
		22DFAC5A2852C6B600CC0BF8 /* Debug */ = {
			isa = XCBuildConfiguration;
			buildSettings = {
				ALWAYS_SEARCH_USER_PATHS = NO;
				CLANG_ANALYZER_NONNULL = YES;
				CLANG_ANALYZER_NUMBER_OBJECT_CONVERSION = YES_AGGRESSIVE;
				CLANG_CXX_LANGUAGE_STANDARD = "gnu++17";
				CLANG_ENABLE_MODULES = YES;
				CLANG_ENABLE_OBJC_ARC = YES;
				CLANG_ENABLE_OBJC_WEAK = YES;
				CLANG_WARN_BLOCK_CAPTURE_AUTORELEASING = YES;
				CLANG_WARN_BOOL_CONVERSION = YES;
				CLANG_WARN_COMMA = YES;
				CLANG_WARN_CONSTANT_CONVERSION = YES;
				CLANG_WARN_DEPRECATED_OBJC_IMPLEMENTATIONS = YES;
				CLANG_WARN_DIRECT_OBJC_ISA_USAGE = YES_ERROR;
				CLANG_WARN_DOCUMENTATION_COMMENTS = YES;
				CLANG_WARN_EMPTY_BODY = YES;
				CLANG_WARN_ENUM_CONVERSION = YES;
				CLANG_WARN_INFINITE_RECURSION = YES;
				CLANG_WARN_INT_CONVERSION = YES;
				CLANG_WARN_NON_LITERAL_NULL_CONVERSION = YES;
				CLANG_WARN_OBJC_IMPLICIT_RETAIN_SELF = YES;
				CLANG_WARN_OBJC_LITERAL_CONVERSION = YES;
				CLANG_WARN_OBJC_ROOT_CLASS = YES_ERROR;
				CLANG_WARN_QUOTED_INCLUDE_IN_FRAMEWORK_HEADER = YES;
				CLANG_WARN_RANGE_LOOP_ANALYSIS = YES;
				CLANG_WARN_STRICT_PROTOTYPES = YES;
				CLANG_WARN_SUSPICIOUS_MOVE = YES;
				CLANG_WARN_UNGUARDED_AVAILABILITY = YES_AGGRESSIVE;
				CLANG_WARN_UNREACHABLE_CODE = YES;
				CLANG_WARN__DUPLICATE_METHOD_MATCH = YES;
				COPY_PHASE_STRIP = NO;
				DEBUG_INFORMATION_FORMAT = dwarf;
				ENABLE_STRICT_OBJC_MSGSEND = YES;
				ENABLE_TESTABILITY = YES;
				GCC_C_LANGUAGE_STANDARD = gnu11;
				GCC_DYNAMIC_NO_PIC = NO;
				GCC_NO_COMMON_BLOCKS = YES;
				GCC_OPTIMIZATION_LEVEL = 0;
				GCC_PREPROCESSOR_DEFINITIONS = (
					"DEBUG=1",
					"$(inherited)",
				);
				GCC_WARN_64_TO_32_BIT_CONVERSION = YES;
				GCC_WARN_ABOUT_RETURN_TYPE = YES_ERROR;
				GCC_WARN_UNDECLARED_SELECTOR = YES;
				GCC_WARN_UNINITIALIZED_AUTOS = YES_AGGRESSIVE;
				GCC_WARN_UNUSED_FUNCTION = YES;
				GCC_WARN_UNUSED_VARIABLE = YES;
				IPHONEOS_DEPLOYMENT_TARGET = 15.5;
				MTL_ENABLE_DEBUG_INFO = INCLUDE_SOURCE;
				MTL_FAST_MATH = YES;
				ONLY_ACTIVE_ARCH = YES;
				SDKROOT = iphoneos;
				SWIFT_ACTIVE_COMPILATION_CONDITIONS = DEBUG;
				SWIFT_OPTIMIZATION_LEVEL = "-Onone";
			};
			name = Debug;
		};
		22DFAC5B2852C6B600CC0BF8 /* Release */ = {
			isa = XCBuildConfiguration;
			buildSettings = {
				ALWAYS_SEARCH_USER_PATHS = NO;
				CLANG_ANALYZER_NONNULL = YES;
				CLANG_ANALYZER_NUMBER_OBJECT_CONVERSION = YES_AGGRESSIVE;
				CLANG_CXX_LANGUAGE_STANDARD = "gnu++17";
				CLANG_ENABLE_MODULES = YES;
				CLANG_ENABLE_OBJC_ARC = YES;
				CLANG_ENABLE_OBJC_WEAK = YES;
				CLANG_WARN_BLOCK_CAPTURE_AUTORELEASING = YES;
				CLANG_WARN_BOOL_CONVERSION = YES;
				CLANG_WARN_COMMA = YES;
				CLANG_WARN_CONSTANT_CONVERSION = YES;
				CLANG_WARN_DEPRECATED_OBJC_IMPLEMENTATIONS = YES;
				CLANG_WARN_DIRECT_OBJC_ISA_USAGE = YES_ERROR;
				CLANG_WARN_DOCUMENTATION_COMMENTS = YES;
				CLANG_WARN_EMPTY_BODY = YES;
				CLANG_WARN_ENUM_CONVERSION = YES;
				CLANG_WARN_INFINITE_RECURSION = YES;
				CLANG_WARN_INT_CONVERSION = YES;
				CLANG_WARN_NON_LITERAL_NULL_CONVERSION = YES;
				CLANG_WARN_OBJC_IMPLICIT_RETAIN_SELF = YES;
				CLANG_WARN_OBJC_LITERAL_CONVERSION = YES;
				CLANG_WARN_OBJC_ROOT_CLASS = YES_ERROR;
				CLANG_WARN_QUOTED_INCLUDE_IN_FRAMEWORK_HEADER = YES;
				CLANG_WARN_RANGE_LOOP_ANALYSIS = YES;
				CLANG_WARN_STRICT_PROTOTYPES = YES;
				CLANG_WARN_SUSPICIOUS_MOVE = YES;
				CLANG_WARN_UNGUARDED_AVAILABILITY = YES_AGGRESSIVE;
				CLANG_WARN_UNREACHABLE_CODE = YES;
				CLANG_WARN__DUPLICATE_METHOD_MATCH = YES;
				COPY_PHASE_STRIP = NO;
				DEBUG_INFORMATION_FORMAT = "dwarf-with-dsym";
				ENABLE_NS_ASSERTIONS = NO;
				ENABLE_STRICT_OBJC_MSGSEND = YES;
				GCC_C_LANGUAGE_STANDARD = gnu11;
				GCC_NO_COMMON_BLOCKS = YES;
				GCC_WARN_64_TO_32_BIT_CONVERSION = YES;
				GCC_WARN_ABOUT_RETURN_TYPE = YES_ERROR;
				GCC_WARN_UNDECLARED_SELECTOR = YES;
				GCC_WARN_UNINITIALIZED_AUTOS = YES_AGGRESSIVE;
				GCC_WARN_UNUSED_FUNCTION = YES;
				GCC_WARN_UNUSED_VARIABLE = YES;
				IPHONEOS_DEPLOYMENT_TARGET = 15.5;
				MTL_ENABLE_DEBUG_INFO = NO;
				MTL_FAST_MATH = YES;
				SDKROOT = iphoneos;
				SWIFT_COMPILATION_MODE = wholemodule;
				SWIFT_OPTIMIZATION_LEVEL = "-O";
				VALIDATE_PRODUCT = YES;
			};
			name = Release;
		};
		22DFAC5D2852C6B600CC0BF8 /* Debug */ = {
			isa = XCBuildConfiguration;
			buildSettings = {
				ASSETCATALOG_COMPILER_APPICON_NAME = AppIcon;
				ASSETCATALOG_COMPILER_GLOBAL_ACCENT_COLOR_NAME = AccentColor;
				CODE_SIGN_STYLE = Automatic;
				CURRENT_PROJECT_VERSION = 1;
				DEVELOPMENT_TEAM = YB8TZSVB35;
				GENERATE_INFOPLIST_FILE = YES;
				INFOPLIST_FILE = phineasFerbTest/Info.plist;
				INFOPLIST_KEY_UIApplicationSupportsIndirectInputEvents = YES;
				INFOPLIST_KEY_UILaunchStoryboardName = LaunchScreen;
				INFOPLIST_KEY_UIMainStoryboardFile = Main;
				INFOPLIST_KEY_UISupportedInterfaceOrientations_iPad = "UIInterfaceOrientationPortrait UIInterfaceOrientationPortraitUpsideDown UIInterfaceOrientationLandscapeLeft UIInterfaceOrientationLandscapeRight";
				INFOPLIST_KEY_UISupportedInterfaceOrientations_iPhone = "UIInterfaceOrientationPortrait UIInterfaceOrientationLandscapeLeft UIInterfaceOrientationLandscapeRight";
				LD_RUNPATH_SEARCH_PATHS = (
					"$(inherited)",
					"@executable_path/Frameworks",
				);
				MARKETING_VERSION = 1.0;
				PRODUCT_BUNDLE_IDENTIFIER = testing.phineasFerbTest;
				PRODUCT_NAME = "$(TARGET_NAME)";
				SWIFT_EMIT_LOC_STRINGS = YES;
				SWIFT_VERSION = 5.0;
				TARGETED_DEVICE_FAMILY = "1,2";
			};
			name = Debug;
		};
		22DFAC5E2852C6B600CC0BF8 /* Release */ = {
			isa = XCBuildConfiguration;
			buildSettings = {
				ASSETCATALOG_COMPILER_APPICON_NAME = AppIcon;
				ASSETCATALOG_COMPILER_GLOBAL_ACCENT_COLOR_NAME = AccentColor;
				CODE_SIGN_STYLE = Automatic;
				CURRENT_PROJECT_VERSION = 1;
				DEVELOPMENT_TEAM = YB8TZSVB35;
				GENERATE_INFOPLIST_FILE = YES;
				INFOPLIST_FILE = phineasFerbTest/Info.plist;
				INFOPLIST_KEY_UIApplicationSupportsIndirectInputEvents = YES;
				INFOPLIST_KEY_UILaunchStoryboardName = LaunchScreen;
				INFOPLIST_KEY_UIMainStoryboardFile = Main;
				INFOPLIST_KEY_UISupportedInterfaceOrientations_iPad = "UIInterfaceOrientationPortrait UIInterfaceOrientationPortraitUpsideDown UIInterfaceOrientationLandscapeLeft UIInterfaceOrientationLandscapeRight";
				INFOPLIST_KEY_UISupportedInterfaceOrientations_iPhone = "UIInterfaceOrientationPortrait UIInterfaceOrientationLandscapeLeft UIInterfaceOrientationLandscapeRight";
				LD_RUNPATH_SEARCH_PATHS = (
					"$(inherited)",
					"@executable_path/Frameworks",
				);
				MARKETING_VERSION = 1.0;
				PRODUCT_BUNDLE_IDENTIFIER = testing.phineasFerbTest;
				PRODUCT_NAME = "$(TARGET_NAME)";
				SWIFT_EMIT_LOC_STRINGS = YES;
				SWIFT_VERSION = 5.0;
				TARGETED_DEVICE_FAMILY = "1,2";
			};
			name = Release;
		};
		22DFAC602852C6B600CC0BF8 /* Debug */ = {
			isa = XCBuildConfiguration;
			buildSettings = {
				ALWAYS_EMBED_SWIFT_STANDARD_LIBRARIES = YES;
				BUNDLE_LOADER = "$(TEST_HOST)";
				CODE_SIGN_STYLE = Automatic;
				CURRENT_PROJECT_VERSION = 1;
				DEVELOPMENT_TEAM = YB8TZSVB35;
				GENERATE_INFOPLIST_FILE = YES;
				IPHONEOS_DEPLOYMENT_TARGET = 15.5;
				MARKETING_VERSION = 1.0;
				PRODUCT_BUNDLE_IDENTIFIER = testing.phineasFerbTestTests;
				PRODUCT_NAME = "$(TARGET_NAME)";
				SWIFT_EMIT_LOC_STRINGS = NO;
				SWIFT_VERSION = 5.0;
				TARGETED_DEVICE_FAMILY = "1,2";
				TEST_HOST = "$(BUILT_PRODUCTS_DIR)/phineasFerbTest.app/phineasFerbTest";
			};
			name = Debug;
		};
		22DFAC612852C6B600CC0BF8 /* Release */ = {
			isa = XCBuildConfiguration;
			buildSettings = {
				ALWAYS_EMBED_SWIFT_STANDARD_LIBRARIES = YES;
				BUNDLE_LOADER = "$(TEST_HOST)";
				CODE_SIGN_STYLE = Automatic;
				CURRENT_PROJECT_VERSION = 1;
				DEVELOPMENT_TEAM = YB8TZSVB35;
				GENERATE_INFOPLIST_FILE = YES;
				IPHONEOS_DEPLOYMENT_TARGET = 15.5;
				MARKETING_VERSION = 1.0;
				PRODUCT_BUNDLE_IDENTIFIER = testing.phineasFerbTestTests;
				PRODUCT_NAME = "$(TARGET_NAME)";
				SWIFT_EMIT_LOC_STRINGS = NO;
				SWIFT_VERSION = 5.0;
				TARGETED_DEVICE_FAMILY = "1,2";
				TEST_HOST = "$(BUILT_PRODUCTS_DIR)/phineasFerbTest.app/phineasFerbTest";
			};
			name = Release;
		};
		22DFAC632852C6B600CC0BF8 /* Debug */ = {
			isa = XCBuildConfiguration;
			buildSettings = {
				ALWAYS_EMBED_SWIFT_STANDARD_LIBRARIES = YES;
				CODE_SIGN_STYLE = Automatic;
				CURRENT_PROJECT_VERSION = 1;
				DEVELOPMENT_TEAM = YB8TZSVB35;
				GENERATE_INFOPLIST_FILE = YES;
				MARKETING_VERSION = 1.0;
				PRODUCT_BUNDLE_IDENTIFIER = testing.phineasFerbTestUITests;
				PRODUCT_NAME = "$(TARGET_NAME)";
				SWIFT_EMIT_LOC_STRINGS = NO;
				SWIFT_VERSION = 5.0;
				TARGETED_DEVICE_FAMILY = "1,2";
				TEST_TARGET_NAME = phineasFerbTest;
			};
			name = Debug;
		};
		22DFAC642852C6B600CC0BF8 /* Release */ = {
			isa = XCBuildConfiguration;
			buildSettings = {
				ALWAYS_EMBED_SWIFT_STANDARD_LIBRARIES = YES;
				CODE_SIGN_STYLE = Automatic;
				CURRENT_PROJECT_VERSION = 1;
				DEVELOPMENT_TEAM = YB8TZSVB35;
				GENERATE_INFOPLIST_FILE = YES;
				MARKETING_VERSION = 1.0;
				PRODUCT_BUNDLE_IDENTIFIER = testing.phineasFerbTestUITests;
				PRODUCT_NAME = "$(TARGET_NAME)";
				SWIFT_EMIT_LOC_STRINGS = NO;
				SWIFT_VERSION = 5.0;
				TARGETED_DEVICE_FAMILY = "1,2";
				TEST_TARGET_NAME = phineasFerbTest;
			};
			name = Release;
		};
/* End XCBuildConfiguration section */

/* Begin XCConfigurationList section */
		22DFAC2D2852C6B100CC0BF8 /* Build configuration list for PBXProject "phineasFerbTest" */ = {
			isa = XCConfigurationList;
			buildConfigurations = (
				22DFAC5A2852C6B600CC0BF8 /* Debug */,
				22DFAC5B2852C6B600CC0BF8 /* Release */,
			);
			defaultConfigurationIsVisible = 0;
			defaultConfigurationName = Release;
		};
		22DFAC5C2852C6B600CC0BF8 /* Build configuration list for PBXNativeTarget "phineasFerbTest" */ = {
			isa = XCConfigurationList;
			buildConfigurations = (
				22DFAC5D2852C6B600CC0BF8 /* Debug */,
				22DFAC5E2852C6B600CC0BF8 /* Release */,
			);
			defaultConfigurationIsVisible = 0;
			defaultConfigurationName = Release;
		};
		22DFAC5F2852C6B600CC0BF8 /* Build configuration list for PBXNativeTarget "phineasFerbTestTests" */ = {
			isa = XCConfigurationList;
			buildConfigurations = (
				22DFAC602852C6B600CC0BF8 /* Debug */,
				22DFAC612852C6B600CC0BF8 /* Release */,
			);
			defaultConfigurationIsVisible = 0;
			defaultConfigurationName = Release;
		};
		22DFAC622852C6B600CC0BF8 /* Build configuration list for PBXNativeTarget "phineasFerbTestUITests" */ = {
			isa = XCConfigurationList;
			buildConfigurations = (
				22DFAC632852C6B600CC0BF8 /* Debug */,
				22DFAC642852C6B600CC0BF8 /* Release */,
			);
			defaultConfigurationIsVisible = 0;
			defaultConfigurationName = Release;
		};
/* End XCConfigurationList section */
	};
	rootObject = 22DFAC2A2852C6B100CC0BF8 /* Project object */;
}
